// !$*UTF8*$!
{
	archiveVersion = 1;
	classes = {
	};
	objectVersion = 46;
	objects = {

/* Begin PBXBuildFile section */
		4817D79317700B290056FE9A /* ZMConfigDataParser.m in Sources */ = {isa = PBXBuildFile; fileRef = 4817D79217700B290056FE9A /* ZMConfigDataParser.m */; };
		4817D7961772A4A60056FE9A /* ZMPueblo.m in Sources */ = {isa = PBXBuildFile; fileRef = 4817D7951772A4A60056FE9A /* ZMPueblo.m */; };
		481A9147176FF9B9007B6732 /* ZMUserConfigViewController.m in Sources */ = {isa = PBXBuildFile; fileRef = 481A9145176FF9B9007B6732 /* ZMUserConfigViewController.m */; };
		481A9148176FF9B9007B6732 /* ZMUserConfigViewController.xib in Resources */ = {isa = PBXBuildFile; fileRef = 481A9146176FF9B9007B6732 /* ZMUserConfigViewController.xib */; };
		481A914F176FFCC2007B6732 /* MyLogInViewController.m in Sources */ = {isa = PBXBuildFile; fileRef = 481A914C176FFCC2007B6732 /* MyLogInViewController.m */; };
		481A9150176FFCC2007B6732 /* MySignUpViewController.m in Sources */ = {isa = PBXBuildFile; fileRef = 481A914E176FFCC2007B6732 /* MySignUpViewController.m */; };
		481A915C176FFE75007B6732 /* Exit.png in Resources */ = {isa = PBXBuildFile; fileRef = 481A9152176FFE74007B6732 /* Exit.png */; };
		481A915D176FFE75007B6732 /* ExitDown.png in Resources */ = {isa = PBXBuildFile; fileRef = 481A9153176FFE74007B6732 /* ExitDown.png */; };
		481A9160176FFE75007B6732 /* LoginFieldBG.png in Resources */ = {isa = PBXBuildFile; fileRef = 481A9156176FFE74007B6732 /* LoginFieldBG.png */; };
		481A9162176FFE75007B6732 /* MainBG.png in Resources */ = {isa = PBXBuildFile; fileRef = 481A9158176FFE75007B6732 /* MainBG.png */; };
		481A9163176FFE75007B6732 /* SignUp.png in Resources */ = {isa = PBXBuildFile; fileRef = 481A9159176FFE75007B6732 /* SignUp.png */; };
		481A9164176FFE75007B6732 /* SignUpDown.png in Resources */ = {isa = PBXBuildFile; fileRef = 481A915A176FFE75007B6732 /* SignUpDown.png */; };
		481A9165176FFE75007B6732 /* SignUpFieldBG.png in Resources */ = {isa = PBXBuildFile; fileRef = 481A915B176FFE75007B6732 /* SignUpFieldBG.png */; };
		481A916A17700853007B6732 /* Login.png in Resources */ = {isa = PBXBuildFile; fileRef = 481A916917700853007B6732 /* Login.png */; };
		481A916C17700AA9007B6732 /* barrios.json in Resources */ = {isa = PBXBuildFile; fileRef = 481A916B17700AA9007B6732 /* barrios.json */; };
		482FDCAE185E6B2200A033DD /* Images.xcassets in Resources */ = {isa = PBXBuildFile; fileRef = 482FDCAD185E6B2200A033DD /* Images.xcassets */; };
		482FDCB3185E6C6400A033DD /* MBProgressHUD.m in Sources */ = {isa = PBXBuildFile; fileRef = 482FDCB2185E6C6400A033DD /* MBProgressHUD.m */; };
		486FE898185E7AA200E7DF63 /* MHTextField.m in Sources */ = {isa = PBXBuildFile; fileRef = 486FE897185E7AA200E7DF63 /* MHTextField.m */; };
		486FE89B185E897E00E7DF63 /* ZMParseHelper.m in Sources */ = {isa = PBXBuildFile; fileRef = 486FE89A185E897E00E7DF63 /* ZMParseHelper.m */; };
		486FE89C185E897E00E7DF63 /* ZMParseHelper.m in Sources */ = {isa = PBXBuildFile; fileRef = 486FE89A185E897E00E7DF63 /* ZMParseHelper.m */; };
		488107C1177680BB00B9C839 /* Model.xcdatamodeld in Sources */ = {isa = PBXBuildFile; fileRef = 488107BF177680BB00B9C839 /* Model.xcdatamodeld */; };
		488107C41777624F00B9C839 /* Barrios.m in Sources */ = {isa = PBXBuildFile; fileRef = 488107C31777624F00B9C839 /* Barrios.m */; };
		488107C71777627600B9C839 /* Coordinates.m in Sources */ = {isa = PBXBuildFile; fileRef = 488107C61777627600B9C839 /* Coordinates.m */; };
		488107CA1777629200B9C839 /* Pueblo.m in Sources */ = {isa = PBXBuildFile; fileRef = 488107C91777629200B9C839 /* Pueblo.m */; };
		488107CE1777649000B9C839 /* CoreData.framework in Frameworks */ = {isa = PBXBuildFile; fileRef = 488107CD1777649000B9C839 /* CoreData.framework */; };
		488107D21777E8C300B9C839 /* ZMEntityManager.m in Sources */ = {isa = PBXBuildFile; fileRef = 488107D11777E8C300B9C839 /* ZMEntityManager.m */; };
		488107D51779374500B9C839 /* ZMCoordinate.m in Sources */ = {isa = PBXBuildFile; fileRef = 488107D41779374500B9C839 /* ZMCoordinate.m */; };
		488107D9177952A700B9C839 /* ZMMapViewController.m in Sources */ = {isa = PBXBuildFile; fileRef = 488107D7177952A700B9C839 /* ZMMapViewController.m */; };
		488107DA177952A700B9C839 /* ZMMapViewController.xib in Resources */ = {isa = PBXBuildFile; fileRef = 488107D8177952A700B9C839 /* ZMMapViewController.xib */; };
		488107DF177A5B4F00B9C839 /* MapKit.framework in Frameworks */ = {isa = PBXBuildFile; fileRef = 488107DE177A5B4E00B9C839 /* MapKit.framework */; };
		488107E3177A73BF00B9C839 /* UIViewController+KNSemiModal.m in Sources */ = {isa = PBXBuildFile; fileRef = 488107E2177A73BF00B9C839 /* UIViewController+KNSemiModal.m */; };
		488107E4177A78B500B9C839 /* UIViewController+KNSemiModal.h in Sources */ = {isa = PBXBuildFile; fileRef = 488107E1177A73BF00B9C839 /* UIViewController+KNSemiModal.h */; };
		488107E5177A78B500B9C839 /* UIViewController+KNSemiModal.m in Sources */ = {isa = PBXBuildFile; fileRef = 488107E2177A73BF00B9C839 /* UIViewController+KNSemiModal.m */; };
		48BC73491775481F00D0D6E3 /* ZMBarrio.m in Sources */ = {isa = PBXBuildFile; fileRef = 48BC73481775481F00D0D6E3 /* ZMBarrio.m */; };
		48CFCA53176E9FAA00BE1FE7 /* ZMGradientView.m in Sources */ = {isa = PBXBuildFile; fileRef = 48CFCA52176E9FAA00BE1FE7 /* ZMGradientView.m */; };
		48CFCA55176EA04400BE1FE7 /* QuartzCore.framework in Frameworks */ = {isa = PBXBuildFile; fileRef = 48CFCA54176EA04400BE1FE7 /* QuartzCore.framework */; };
		48CFCA57176EAB4B00BE1FE7 /* Parse.framework in Frameworks */ = {isa = PBXBuildFile; fileRef = 48CFCA56176EAB4B00BE1FE7 /* Parse.framework */; };
		48CFCA59176EAC5A00BE1FE7 /* CoreLocation.framework in Frameworks */ = {isa = PBXBuildFile; fileRef = 48CFCA58176EAC5A00BE1FE7 /* CoreLocation.framework */; };
		48CFCA5B176EAC9100BE1FE7 /* AudioToolbox.framework in Frameworks */ = {isa = PBXBuildFile; fileRef = 48CFCA5A176EAC9100BE1FE7 /* AudioToolbox.framework */; };
		48CFCA5D176EAC9700BE1FE7 /* CFNetwork.framework in Frameworks */ = {isa = PBXBuildFile; fileRef = 48CFCA5C176EAC9700BE1FE7 /* CFNetwork.framework */; };
		48CFCA5E176EAC9F00BE1FE7 /* CoreGraphics.framework in Frameworks */ = {isa = PBXBuildFile; fileRef = 48EA93BA1767EC5C00A91B5C /* CoreGraphics.framework */; };
		48CFCA60176EACAC00BE1FE7 /* libz.1.1.3.dylib in Frameworks */ = {isa = PBXBuildFile; fileRef = 48CFCA5F176EACAC00BE1FE7 /* libz.1.1.3.dylib */; };
		48CFCA62176EACB400BE1FE7 /* MobileCoreServices.framework in Frameworks */ = {isa = PBXBuildFile; fileRef = 48CFCA61176EACB400BE1FE7 /* MobileCoreServices.framework */; };
		48CFCA64176EACBA00BE1FE7 /* Security.framework in Frameworks */ = {isa = PBXBuildFile; fileRef = 48CFCA63176EACBA00BE1FE7 /* Security.framework */; };
		48CFCA66176EACC200BE1FE7 /* StoreKit.framework in Frameworks */ = {isa = PBXBuildFile; fileRef = 48CFCA65176EACC200BE1FE7 /* StoreKit.framework */; };
		48CFCA68176EACC700BE1FE7 /* SystemConfiguration.framework in Frameworks */ = {isa = PBXBuildFile; fileRef = 48CFCA67176EACC700BE1FE7 /* SystemConfiguration.framework */; };
		48CFCA6B176EB20400BE1FE7 /* DefaultSettingsViewController.m in Sources */ = {isa = PBXBuildFile; fileRef = 48CFCA6A176EB20400BE1FE7 /* DefaultSettingsViewController.m */; };
		48EA93B71767EC5C00A91B5C /* UIKit.framework in Frameworks */ = {isa = PBXBuildFile; fileRef = 48EA93B61767EC5C00A91B5C /* UIKit.framework */; };
		48EA93B91767EC5C00A91B5C /* Foundation.framework in Frameworks */ = {isa = PBXBuildFile; fileRef = 48EA93B81767EC5C00A91B5C /* Foundation.framework */; };
		48EA93C11767EC5C00A91B5C /* InfoPlist.strings in Resources */ = {isa = PBXBuildFile; fileRef = 48EA93BF1767EC5C00A91B5C /* InfoPlist.strings */; };
		48EA93C31767EC5C00A91B5C /* main.m in Sources */ = {isa = PBXBuildFile; fileRef = 48EA93C21767EC5C00A91B5C /* main.m */; };
		48EA93C71767EC5C00A91B5C /* ZMAppDelegate.m in Sources */ = {isa = PBXBuildFile; fileRef = 48EA93C61767EC5C00A91B5C /* ZMAppDelegate.m */; };
		48EA93C91767EC5C00A91B5C /* Default.png in Resources */ = {isa = PBXBuildFile; fileRef = 48EA93C81767EC5C00A91B5C /* Default.png */; };
		48EA93CB1767EC5C00A91B5C /* Default@2x.png in Resources */ = {isa = PBXBuildFile; fileRef = 48EA93CA1767EC5C00A91B5C /* Default@2x.png */; };
		48EA93CD1767EC5C00A91B5C /* Default-568h@2x.png in Resources */ = {isa = PBXBuildFile; fileRef = 48EA93CC1767EC5C00A91B5C /* Default-568h@2x.png */; };
		48EA93D01767EC5C00A91B5C /* MainStoryboard_iPhone.storyboard in Resources */ = {isa = PBXBuildFile; fileRef = 48EA93CE1767EC5C00A91B5C /* MainStoryboard_iPhone.storyboard */; };
		48EA93D31767EC5C00A91B5C /* MainStoryboard_iPad.storyboard in Resources */ = {isa = PBXBuildFile; fileRef = 48EA93D11767EC5C00A91B5C /* MainStoryboard_iPad.storyboard */; };
		48EA93D61767EC5C00A91B5C /* ZMViewController.m in Sources */ = {isa = PBXBuildFile; fileRef = 48EA93D51767EC5C00A91B5C /* ZMViewController.m */; };
		48EA93DE1767EC5C00A91B5C /* SenTestingKit.framework in Frameworks */ = {isa = PBXBuildFile; fileRef = 48EA93DD1767EC5C00A91B5C /* SenTestingKit.framework */; };
		48EA93DF1767EC5C00A91B5C /* UIKit.framework in Frameworks */ = {isa = PBXBuildFile; fileRef = 48EA93B61767EC5C00A91B5C /* UIKit.framework */; };
		48EA93E01767EC5C00A91B5C /* Foundation.framework in Frameworks */ = {isa = PBXBuildFile; fileRef = 48EA93B81767EC5C00A91B5C /* Foundation.framework */; };
		48EA93E81767EC5C00A91B5C /* InfoPlist.strings in Resources */ = {isa = PBXBuildFile; fileRef = 48EA93E61767EC5C00A91B5C /* InfoPlist.strings */; };
		48EA93EB1767EC5C00A91B5C /* AEETests.m in Sources */ = {isa = PBXBuildFile; fileRef = 48EA93EA1767EC5C00A91B5C /* AEETests.m */; };
		48EA93F51767EF1A00A91B5C /* libxml2.2.dylib in Frameworks */ = {isa = PBXBuildFile; fileRef = 48EA93F41767EF1A00A91B5C /* libxml2.2.dylib */; };
		48EA94051767EF3C00A91B5C /* ax22.m in Sources */ = {isa = PBXBuildFile; fileRef = 48EA93F81767EF3C00A91B5C /* ax22.m */; settings = {COMPILER_FLAGS = "-fno-objc-arc"; }; };
		48EA94061767EF3C00A91B5C /* BreakdownReportSvc.m in Sources */ = {isa = PBXBuildFile; fileRef = 48EA93FA1767EF3C00A91B5C /* BreakdownReportSvc.m */; settings = {COMPILER_FLAGS = "-fno-objc-arc"; }; };
		48EA94071767EF3C00A91B5C /* NSDate+ISO8601Parsing.m in Sources */ = {isa = PBXBuildFile; fileRef = 48EA93FC1767EF3C00A91B5C /* NSDate+ISO8601Parsing.m */; settings = {COMPILER_FLAGS = "-fno-objc-arc"; }; };
		48EA94081767EF3C00A91B5C /* NSDate+ISO8601Unparsing.m in Sources */ = {isa = PBXBuildFile; fileRef = 48EA93FE1767EF3C00A91B5C /* NSDate+ISO8601Unparsing.m */; settings = {COMPILER_FLAGS = "-fno-objc-arc"; }; };
		48EA94091767EF3C00A91B5C /* USAdditions.m in Sources */ = {isa = PBXBuildFile; fileRef = 48EA94001767EF3C00A91B5C /* USAdditions.m */; settings = {COMPILER_FLAGS = "-fno-objc-arc"; }; };
		48EA940A1767EF3C00A91B5C /* USGlobals.m in Sources */ = {isa = PBXBuildFile; fileRef = 48EA94021767EF3C00A91B5C /* USGlobals.m */; settings = {COMPILER_FLAGS = "-fno-objc-arc"; }; };
		48EA940B1767EF3C00A91B5C /* xsd.m in Sources */ = {isa = PBXBuildFile; fileRef = 48EA94041767EF3C00A91B5C /* xsd.m */; settings = {COMPILER_FLAGS = "-fno-objc-arc"; }; };
		48EA940E1769359A00A91B5C /* ZMClientProcessor.m in Sources */ = {isa = PBXBuildFile; fileRef = 48EA940D1769359A00A91B5C /* ZMClientProcessor.m */; };
		48EA941117693AD700A91B5C /* ZMTableViewViewController.m in Sources */ = {isa = PBXBuildFile; fileRef = 48EA941017693AD700A91B5C /* ZMTableViewViewController.m */; };
		48EA941417693EE700A91B5C /* ZMBreakdownsTableViewCell.m in Sources */ = {isa = PBXBuildFile; fileRef = 48EA941317693EE700A91B5C /* ZMBreakdownsTableViewCell.m */; };
		48EA941A1769524400A91B5C /* ZMBDownsDetailedTableViewController.m in Sources */ = {isa = PBXBuildFile; fileRef = 48EA94191769524400A91B5C /* ZMBDownsDetailedTableViewController.m */; };
		48EA941D1769551300A91B5C /* ZMBDownsDetailedTableViewCell.m in Sources */ = {isa = PBXBuildFile; fileRef = 48EA941C1769551300A91B5C /* ZMBDownsDetailedTableViewCell.m */; };
		48FAA926177CF2DF001F8A3F /* ZMGeocoder.m in Sources */ = {isa = PBXBuildFile; fileRef = 48FAA925177CF2DF001F8A3F /* ZMGeocoder.m */; };
		48FAA929177E8D3A001F8A3F /* ZMPointAnnotation.m in Sources */ = {isa = PBXBuildFile; fileRef = 48FAA928177E8D39001F8A3F /* ZMPointAnnotation.m */; };
		48FAA93B177E9B42001F8A3F /* ZMSettingsViewController.m in Sources */ = {isa = PBXBuildFile; fileRef = 48FAA93A177E9B42001F8A3F /* ZMSettingsViewController.m */; };
		48FAA93E177FD421001F8A3F /* ZMPueblosViewController.m in Sources */ = {isa = PBXBuildFile; fileRef = 48FAA93D177FD421001F8A3F /* ZMPueblosViewController.m */; };
		48FAA941177FD88E001F8A3F /* ZMBarriosViewController.m in Sources */ = {isa = PBXBuildFile; fileRef = 48FAA940177FD88E001F8A3F /* ZMBarriosViewController.m */; };
		48FAA944177FE8D9001F8A3F /* ZMLocationViewController.m in Sources */ = {isa = PBXBuildFile; fileRef = 48FAA943177FE8D9001F8A3F /* ZMLocationViewController.m */; };
		48FAA94717809E71001F8A3F /* User.m in Sources */ = {isa = PBXBuildFile; fileRef = 48FAA94617809E71001F8A3F /* User.m */; };
		48FAA94B17826BCE001F8A3F /* ZMNewUserViewController.m in Sources */ = {isa = PBXBuildFile; fileRef = 48FAA94917826BCC001F8A3F /* ZMNewUserViewController.m */; };
		48FAA94C17826BCE001F8A3F /* ZMNewUserViewController.xib in Resources */ = {isa = PBXBuildFile; fileRef = 48FAA94A17826BCD001F8A3F /* ZMNewUserViewController.xib */; };
		48FAA94F178273DF001F8A3F /* PAWActivityView.m in Sources */ = {isa = PBXBuildFile; fileRef = 48FAA94E178273DE001F8A3F /* PAWActivityView.m */; };
		48FAA950178273DF001F8A3F /* PAWActivityView.m in Sources */ = {isa = PBXBuildFile; fileRef = 48FAA94E178273DE001F8A3F /* PAWActivityView.m */; };
/* End PBXBuildFile section */

/* Begin PBXContainerItemProxy section */
		48EA93E11767EC5C00A91B5C /* PBXContainerItemProxy */ = {
			isa = PBXContainerItemProxy;
			containerPortal = 48EA93AB1767EC5C00A91B5C /* Project object */;
			proxyType = 1;
			remoteGlobalIDString = 48EA93B21767EC5C00A91B5C;
			remoteInfo = AEE;
		};
/* End PBXContainerItemProxy section */

/* Begin PBXFileReference section */
		4817D79117700B290056FE9A /* ZMConfigDataParser.h */ = {isa = PBXFileReference; fileEncoding = 4; lastKnownFileType = sourcecode.c.h; path = ZMConfigDataParser.h; sourceTree = "<group>"; };
		4817D79217700B290056FE9A /* ZMConfigDataParser.m */ = {isa = PBXFileReference; fileEncoding = 4; lastKnownFileType = sourcecode.c.objc; path = ZMConfigDataParser.m; sourceTree = "<group>"; };
		4817D7941772A4A60056FE9A /* ZMPueblo.h */ = {isa = PBXFileReference; fileEncoding = 4; lastKnownFileType = sourcecode.c.h; path = ZMPueblo.h; sourceTree = "<group>"; };
		4817D7951772A4A60056FE9A /* ZMPueblo.m */ = {isa = PBXFileReference; fileEncoding = 4; lastKnownFileType = sourcecode.c.objc; path = ZMPueblo.m; sourceTree = "<group>"; };
		481A9144176FF9B9007B6732 /* ZMUserConfigViewController.h */ = {isa = PBXFileReference; fileEncoding = 4; lastKnownFileType = sourcecode.c.h; path = ZMUserConfigViewController.h; sourceTree = "<group>"; };
		481A9145176FF9B9007B6732 /* ZMUserConfigViewController.m */ = {isa = PBXFileReference; fileEncoding = 4; lastKnownFileType = sourcecode.c.objc; path = ZMUserConfigViewController.m; sourceTree = "<group>"; };
		481A9146176FF9B9007B6732 /* ZMUserConfigViewController.xib */ = {isa = PBXFileReference; fileEncoding = 4; lastKnownFileType = file.xib; path = ZMUserConfigViewController.xib; sourceTree = "<group>"; };
		481A914B176FFCC2007B6732 /* MyLogInViewController.h */ = {isa = PBXFileReference; fileEncoding = 4; lastKnownFileType = sourcecode.c.h; path = MyLogInViewController.h; sourceTree = "<group>"; };
		481A914C176FFCC2007B6732 /* MyLogInViewController.m */ = {isa = PBXFileReference; fileEncoding = 4; lastKnownFileType = sourcecode.c.objc; path = MyLogInViewController.m; sourceTree = "<group>"; };
		481A914D176FFCC2007B6732 /* MySignUpViewController.h */ = {isa = PBXFileReference; fileEncoding = 4; lastKnownFileType = sourcecode.c.h; path = MySignUpViewController.h; sourceTree = "<group>"; };
		481A914E176FFCC2007B6732 /* MySignUpViewController.m */ = {isa = PBXFileReference; fileEncoding = 4; lastKnownFileType = sourcecode.c.objc; path = MySignUpViewController.m; sourceTree = "<group>"; };
		481A9152176FFE74007B6732 /* Exit.png */ = {isa = PBXFileReference; lastKnownFileType = image.png; path = Exit.png; sourceTree = "<group>"; };
		481A9153176FFE74007B6732 /* ExitDown.png */ = {isa = PBXFileReference; lastKnownFileType = image.png; path = ExitDown.png; sourceTree = "<group>"; };
		481A9156176FFE74007B6732 /* LoginFieldBG.png */ = {isa = PBXFileReference; lastKnownFileType = image.png; path = LoginFieldBG.png; sourceTree = "<group>"; };
		481A9158176FFE75007B6732 /* MainBG.png */ = {isa = PBXFileReference; lastKnownFileType = image.png; path = MainBG.png; sourceTree = "<group>"; };
		481A9159176FFE75007B6732 /* SignUp.png */ = {isa = PBXFileReference; lastKnownFileType = image.png; path = SignUp.png; sourceTree = "<group>"; };
		481A915A176FFE75007B6732 /* SignUpDown.png */ = {isa = PBXFileReference; lastKnownFileType = image.png; path = SignUpDown.png; sourceTree = "<group>"; };
		481A915B176FFE75007B6732 /* SignUpFieldBG.png */ = {isa = PBXFileReference; lastKnownFileType = image.png; path = SignUpFieldBG.png; sourceTree = "<group>"; };
		481A916917700853007B6732 /* Login.png */ = {isa = PBXFileReference; lastKnownFileType = image.png; path = Login.png; sourceTree = "<group>"; };
		481A916B17700AA9007B6732 /* barrios.json */ = {isa = PBXFileReference; fileEncoding = 4; lastKnownFileType = text.json; path = barrios.json; sourceTree = "<group>"; };
		482E7BFC178BAB4B006E4D81 /* AEE.entitlements */ = {isa = PBXFileReference; lastKnownFileType = text.xml; path = AEE.entitlements; sourceTree = "<group>"; };
		482FDCAD185E6B2200A033DD /* Images.xcassets */ = {isa = PBXFileReference; lastKnownFileType = folder.assetcatalog; path = Images.xcassets; sourceTree = "<group>"; };
		482FDCB1185E6C6400A033DD /* MBProgressHUD.h */ = {isa = PBXFileReference; fileEncoding = 4; lastKnownFileType = sourcecode.c.h; path = MBProgressHUD.h; sourceTree = "<group>"; };
		482FDCB2185E6C6400A033DD /* MBProgressHUD.m */ = {isa = PBXFileReference; fileEncoding = 4; lastKnownFileType = sourcecode.c.objc; path = MBProgressHUD.m; sourceTree = "<group>"; };
		486FE896185E7AA200E7DF63 /* MHTextField.h */ = {isa = PBXFileReference; fileEncoding = 4; lastKnownFileType = sourcecode.c.h; path = MHTextField.h; sourceTree = "<group>"; };
		486FE897185E7AA200E7DF63 /* MHTextField.m */ = {isa = PBXFileReference; fileEncoding = 4; lastKnownFileType = sourcecode.c.objc; path = MHTextField.m; sourceTree = "<group>"; };
		486FE899185E897E00E7DF63 /* ZMParseHelper.h */ = {isa = PBXFileReference; fileEncoding = 4; lastKnownFileType = sourcecode.c.h; path = ZMParseHelper.h; sourceTree = "<group>"; };
		486FE89A185E897E00E7DF63 /* ZMParseHelper.m */ = {isa = PBXFileReference; fileEncoding = 4; lastKnownFileType = sourcecode.c.objc; path = ZMParseHelper.m; sourceTree = "<group>"; };
		488107C0177680BB00B9C839 /* Model.xcdatamodel */ = {isa = PBXFileReference; lastKnownFileType = wrapper.xcdatamodel; path = Model.xcdatamodel; sourceTree = "<group>"; };
		488107C21777624F00B9C839 /* Barrios.h */ = {isa = PBXFileReference; fileEncoding = 4; lastKnownFileType = sourcecode.c.h; path = Barrios.h; sourceTree = "<group>"; };
		488107C31777624F00B9C839 /* Barrios.m */ = {isa = PBXFileReference; fileEncoding = 4; lastKnownFileType = sourcecode.c.objc; path = Barrios.m; sourceTree = "<group>"; };
		488107C51777627600B9C839 /* Coordinates.h */ = {isa = PBXFileReference; fileEncoding = 4; lastKnownFileType = sourcecode.c.h; path = Coordinates.h; sourceTree = "<group>"; };
		488107C61777627600B9C839 /* Coordinates.m */ = {isa = PBXFileReference; fileEncoding = 4; lastKnownFileType = sourcecode.c.objc; path = Coordinates.m; sourceTree = "<group>"; };
		488107C81777629200B9C839 /* Pueblo.h */ = {isa = PBXFileReference; fileEncoding = 4; lastKnownFileType = sourcecode.c.h; path = Pueblo.h; sourceTree = "<group>"; };
		488107C91777629200B9C839 /* Pueblo.m */ = {isa = PBXFileReference; fileEncoding = 4; lastKnownFileType = sourcecode.c.objc; path = Pueblo.m; sourceTree = "<group>"; };
		488107CD1777649000B9C839 /* CoreData.framework */ = {isa = PBXFileReference; lastKnownFileType = wrapper.framework; name = CoreData.framework; path = System/Library/Frameworks/CoreData.framework; sourceTree = SDKROOT; };
		488107D01777E8C300B9C839 /* ZMEntityManager.h */ = {isa = PBXFileReference; fileEncoding = 4; lastKnownFileType = sourcecode.c.h; path = ZMEntityManager.h; sourceTree = "<group>"; };
		488107D11777E8C300B9C839 /* ZMEntityManager.m */ = {isa = PBXFileReference; fileEncoding = 4; lastKnownFileType = sourcecode.c.objc; path = ZMEntityManager.m; sourceTree = "<group>"; };
		488107D31779374400B9C839 /* ZMCoordinate.h */ = {isa = PBXFileReference; fileEncoding = 4; lastKnownFileType = sourcecode.c.h; path = ZMCoordinate.h; sourceTree = "<group>"; };
		488107D41779374500B9C839 /* ZMCoordinate.m */ = {isa = PBXFileReference; fileEncoding = 4; lastKnownFileType = sourcecode.c.objc; path = ZMCoordinate.m; sourceTree = "<group>"; };
		488107D6177952A600B9C839 /* ZMMapViewController.h */ = {isa = PBXFileReference; fileEncoding = 4; lastKnownFileType = sourcecode.c.h; path = ZMMapViewController.h; sourceTree = "<group>"; };
		488107D7177952A700B9C839 /* ZMMapViewController.m */ = {isa = PBXFileReference; fileEncoding = 4; lastKnownFileType = sourcecode.c.objc; path = ZMMapViewController.m; sourceTree = "<group>"; };
		488107D8177952A700B9C839 /* ZMMapViewController.xib */ = {isa = PBXFileReference; fileEncoding = 4; lastKnownFileType = file.xib; path = ZMMapViewController.xib; sourceTree = "<group>"; };
		488107DE177A5B4E00B9C839 /* MapKit.framework */ = {isa = PBXFileReference; lastKnownFileType = wrapper.framework; name = MapKit.framework; path = System/Library/Frameworks/MapKit.framework; sourceTree = SDKROOT; };
		488107E1177A73BF00B9C839 /* UIViewController+KNSemiModal.h */ = {isa = PBXFileReference; fileEncoding = 4; lastKnownFileType = sourcecode.c.h; path = "UIViewController+KNSemiModal.h"; sourceTree = "<group>"; };
		488107E2177A73BF00B9C839 /* UIViewController+KNSemiModal.m */ = {isa = PBXFileReference; fileEncoding = 4; lastKnownFileType = sourcecode.c.objc; path = "UIViewController+KNSemiModal.m"; sourceTree = "<group>"; };
		48BC73471775481F00D0D6E3 /* ZMBarrio.h */ = {isa = PBXFileReference; fileEncoding = 4; lastKnownFileType = sourcecode.c.h; path = ZMBarrio.h; sourceTree = "<group>"; };
		48BC73481775481F00D0D6E3 /* ZMBarrio.m */ = {isa = PBXFileReference; fileEncoding = 4; lastKnownFileType = sourcecode.c.objc; path = ZMBarrio.m; sourceTree = "<group>"; };
		48CFCA51176E9FAA00BE1FE7 /* ZMGradientView.h */ = {isa = PBXFileReference; fileEncoding = 4; lastKnownFileType = sourcecode.c.h; path = ZMGradientView.h; sourceTree = "<group>"; };
		48CFCA52176E9FAA00BE1FE7 /* ZMGradientView.m */ = {isa = PBXFileReference; fileEncoding = 4; lastKnownFileType = sourcecode.c.objc; path = ZMGradientView.m; sourceTree = "<group>"; };
		48CFCA54176EA04400BE1FE7 /* QuartzCore.framework */ = {isa = PBXFileReference; lastKnownFileType = wrapper.framework; name = QuartzCore.framework; path = System/Library/Frameworks/QuartzCore.framework; sourceTree = SDKROOT; };
		48CFCA56176EAB4B00BE1FE7 /* Parse.framework */ = {isa = PBXFileReference; lastKnownFileType = wrapper.framework; path = Parse.framework; sourceTree = "<group>"; };
		48CFCA58176EAC5A00BE1FE7 /* CoreLocation.framework */ = {isa = PBXFileReference; lastKnownFileType = wrapper.framework; name = CoreLocation.framework; path = System/Library/Frameworks/CoreLocation.framework; sourceTree = SDKROOT; };
		48CFCA5A176EAC9100BE1FE7 /* AudioToolbox.framework */ = {isa = PBXFileReference; lastKnownFileType = wrapper.framework; name = AudioToolbox.framework; path = System/Library/Frameworks/AudioToolbox.framework; sourceTree = SDKROOT; };
		48CFCA5C176EAC9700BE1FE7 /* CFNetwork.framework */ = {isa = PBXFileReference; lastKnownFileType = wrapper.framework; name = CFNetwork.framework; path = System/Library/Frameworks/CFNetwork.framework; sourceTree = SDKROOT; };
		48CFCA5F176EACAC00BE1FE7 /* libz.1.1.3.dylib */ = {isa = PBXFileReference; lastKnownFileType = "compiled.mach-o.dylib"; name = libz.1.1.3.dylib; path = usr/lib/libz.1.1.3.dylib; sourceTree = SDKROOT; };
		48CFCA61176EACB400BE1FE7 /* MobileCoreServices.framework */ = {isa = PBXFileReference; lastKnownFileType = wrapper.framework; name = MobileCoreServices.framework; path = System/Library/Frameworks/MobileCoreServices.framework; sourceTree = SDKROOT; };
		48CFCA63176EACBA00BE1FE7 /* Security.framework */ = {isa = PBXFileReference; lastKnownFileType = wrapper.framework; name = Security.framework; path = System/Library/Frameworks/Security.framework; sourceTree = SDKROOT; };
		48CFCA65176EACC200BE1FE7 /* StoreKit.framework */ = {isa = PBXFileReference; lastKnownFileType = wrapper.framework; name = StoreKit.framework; path = System/Library/Frameworks/StoreKit.framework; sourceTree = SDKROOT; };
		48CFCA67176EACC700BE1FE7 /* SystemConfiguration.framework */ = {isa = PBXFileReference; lastKnownFileType = wrapper.framework; name = SystemConfiguration.framework; path = System/Library/Frameworks/SystemConfiguration.framework; sourceTree = SDKROOT; };
		48CFCA69176EB20400BE1FE7 /* DefaultSettingsViewController.h */ = {isa = PBXFileReference; fileEncoding = 4; lastKnownFileType = sourcecode.c.h; path = DefaultSettingsViewController.h; sourceTree = "<group>"; };
		48CFCA6A176EB20400BE1FE7 /* DefaultSettingsViewController.m */ = {isa = PBXFileReference; fileEncoding = 4; lastKnownFileType = sourcecode.c.objc; path = DefaultSettingsViewController.m; sourceTree = "<group>"; };
		48EA93B31767EC5C00A91B5C /* AEE.app */ = {isa = PBXFileReference; explicitFileType = wrapper.application; includeInIndex = 0; path = AEE.app; sourceTree = BUILT_PRODUCTS_DIR; };
		48EA93B61767EC5C00A91B5C /* UIKit.framework */ = {isa = PBXFileReference; lastKnownFileType = wrapper.framework; name = UIKit.framework; path = System/Library/Frameworks/UIKit.framework; sourceTree = SDKROOT; };
		48EA93B81767EC5C00A91B5C /* Foundation.framework */ = {isa = PBXFileReference; lastKnownFileType = wrapper.framework; name = Foundation.framework; path = System/Library/Frameworks/Foundation.framework; sourceTree = SDKROOT; };
		48EA93BA1767EC5C00A91B5C /* CoreGraphics.framework */ = {isa = PBXFileReference; lastKnownFileType = wrapper.framework; name = CoreGraphics.framework; path = System/Library/Frameworks/CoreGraphics.framework; sourceTree = SDKROOT; };
		48EA93BE1767EC5C00A91B5C /* AEE-Info.plist */ = {isa = PBXFileReference; lastKnownFileType = text.plist.xml; path = "AEE-Info.plist"; sourceTree = "<group>"; };
		48EA93C01767EC5C00A91B5C /* en */ = {isa = PBXFileReference; lastKnownFileType = text.plist.strings; name = en; path = en.lproj/InfoPlist.strings; sourceTree = "<group>"; };
		48EA93C21767EC5C00A91B5C /* main.m */ = {isa = PBXFileReference; lastKnownFileType = sourcecode.c.objc; path = main.m; sourceTree = "<group>"; };
		48EA93C41767EC5C00A91B5C /* AEE-Prefix.pch */ = {isa = PBXFileReference; lastKnownFileType = sourcecode.c.h; path = "AEE-Prefix.pch"; sourceTree = "<group>"; };
		48EA93C51767EC5C00A91B5C /* ZMAppDelegate.h */ = {isa = PBXFileReference; lastKnownFileType = sourcecode.c.h; path = ZMAppDelegate.h; sourceTree = "<group>"; };
		48EA93C61767EC5C00A91B5C /* ZMAppDelegate.m */ = {isa = PBXFileReference; lastKnownFileType = sourcecode.c.objc; path = ZMAppDelegate.m; sourceTree = "<group>"; };
		48EA93C81767EC5C00A91B5C /* Default.png */ = {isa = PBXFileReference; lastKnownFileType = image.png; path = Default.png; sourceTree = "<group>"; };
		48EA93CA1767EC5C00A91B5C /* Default@2x.png */ = {isa = PBXFileReference; lastKnownFileType = image.png; path = "Default@2x.png"; sourceTree = "<group>"; };
		48EA93CC1767EC5C00A91B5C /* Default-568h@2x.png */ = {isa = PBXFileReference; lastKnownFileType = image.png; path = "Default-568h@2x.png"; sourceTree = "<group>"; };
		48EA93CF1767EC5C00A91B5C /* en */ = {isa = PBXFileReference; lastKnownFileType = file.storyboard; name = en; path = en.lproj/MainStoryboard_iPhone.storyboard; sourceTree = "<group>"; };
		48EA93D21767EC5C00A91B5C /* en */ = {isa = PBXFileReference; lastKnownFileType = file.storyboard; name = en; path = en.lproj/MainStoryboard_iPad.storyboard; sourceTree = "<group>"; };
		48EA93D41767EC5C00A91B5C /* ZMViewController.h */ = {isa = PBXFileReference; lastKnownFileType = sourcecode.c.h; path = ZMViewController.h; sourceTree = "<group>"; };
		48EA93D51767EC5C00A91B5C /* ZMViewController.m */ = {isa = PBXFileReference; lastKnownFileType = sourcecode.c.objc; path = ZMViewController.m; sourceTree = "<group>"; };
		48EA93DC1767EC5C00A91B5C /* AEETests.octest */ = {isa = PBXFileReference; explicitFileType = wrapper.cfbundle; includeInIndex = 0; path = AEETests.octest; sourceTree = BUILT_PRODUCTS_DIR; };
		48EA93DD1767EC5C00A91B5C /* SenTestingKit.framework */ = {isa = PBXFileReference; lastKnownFileType = wrapper.framework; name = SenTestingKit.framework; path = Library/Frameworks/SenTestingKit.framework; sourceTree = DEVELOPER_DIR; };
		48EA93E51767EC5C00A91B5C /* AEETests-Info.plist */ = {isa = PBXFileReference; lastKnownFileType = text.plist.xml; path = "AEETests-Info.plist"; sourceTree = "<group>"; };
		48EA93E71767EC5C00A91B5C /* en */ = {isa = PBXFileReference; lastKnownFileType = text.plist.strings; name = en; path = en.lproj/InfoPlist.strings; sourceTree = "<group>"; };
		48EA93E91767EC5C00A91B5C /* AEETests.h */ = {isa = PBXFileReference; lastKnownFileType = sourcecode.c.h; path = AEETests.h; sourceTree = "<group>"; };
		48EA93EA1767EC5C00A91B5C /* AEETests.m */ = {isa = PBXFileReference; lastKnownFileType = sourcecode.c.objc; path = AEETests.m; sourceTree = "<group>"; };
		48EA93F41767EF1A00A91B5C /* libxml2.2.dylib */ = {isa = PBXFileReference; lastKnownFileType = "compiled.mach-o.dylib"; name = libxml2.2.dylib; path = usr/lib/libxml2.2.dylib; sourceTree = SDKROOT; };
		48EA93F71767EF3C00A91B5C /* ax22.h */ = {isa = PBXFileReference; fileEncoding = 4; lastKnownFileType = sourcecode.c.h; path = ax22.h; sourceTree = "<group>"; };
		48EA93F81767EF3C00A91B5C /* ax22.m */ = {isa = PBXFileReference; fileEncoding = 4; lastKnownFileType = sourcecode.c.objc; path = ax22.m; sourceTree = "<group>"; };
		48EA93F91767EF3C00A91B5C /* BreakdownReportSvc.h */ = {isa = PBXFileReference; fileEncoding = 4; lastKnownFileType = sourcecode.c.h; path = BreakdownReportSvc.h; sourceTree = "<group>"; };
		48EA93FA1767EF3C00A91B5C /* BreakdownReportSvc.m */ = {isa = PBXFileReference; fileEncoding = 4; lastKnownFileType = sourcecode.c.objc; path = BreakdownReportSvc.m; sourceTree = "<group>"; };
		48EA93FB1767EF3C00A91B5C /* NSDate+ISO8601Parsing.h */ = {isa = PBXFileReference; fileEncoding = 4; lastKnownFileType = sourcecode.c.h; path = "NSDate+ISO8601Parsing.h"; sourceTree = "<group>"; };
		48EA93FC1767EF3C00A91B5C /* NSDate+ISO8601Parsing.m */ = {isa = PBXFileReference; fileEncoding = 4; lastKnownFileType = sourcecode.c.objc; path = "NSDate+ISO8601Parsing.m"; sourceTree = "<group>"; };
		48EA93FD1767EF3C00A91B5C /* NSDate+ISO8601Unparsing.h */ = {isa = PBXFileReference; fileEncoding = 4; lastKnownFileType = sourcecode.c.h; path = "NSDate+ISO8601Unparsing.h"; sourceTree = "<group>"; };
		48EA93FE1767EF3C00A91B5C /* NSDate+ISO8601Unparsing.m */ = {isa = PBXFileReference; fileEncoding = 4; lastKnownFileType = sourcecode.c.objc; path = "NSDate+ISO8601Unparsing.m"; sourceTree = "<group>"; };
		48EA93FF1767EF3C00A91B5C /* USAdditions.h */ = {isa = PBXFileReference; fileEncoding = 4; lastKnownFileType = sourcecode.c.h; path = USAdditions.h; sourceTree = "<group>"; };
		48EA94001767EF3C00A91B5C /* USAdditions.m */ = {isa = PBXFileReference; fileEncoding = 4; lastKnownFileType = sourcecode.c.objc; path = USAdditions.m; sourceTree = "<group>"; };
		48EA94011767EF3C00A91B5C /* USGlobals.h */ = {isa = PBXFileReference; fileEncoding = 4; lastKnownFileType = sourcecode.c.h; path = USGlobals.h; sourceTree = "<group>"; };
		48EA94021767EF3C00A91B5C /* USGlobals.m */ = {isa = PBXFileReference; fileEncoding = 4; lastKnownFileType = sourcecode.c.objc; path = USGlobals.m; sourceTree = "<group>"; };
		48EA94031767EF3C00A91B5C /* xsd.h */ = {isa = PBXFileReference; fileEncoding = 4; lastKnownFileType = sourcecode.c.h; path = xsd.h; sourceTree = "<group>"; };
		48EA94041767EF3C00A91B5C /* xsd.m */ = {isa = PBXFileReference; fileEncoding = 4; lastKnownFileType = sourcecode.c.objc; path = xsd.m; sourceTree = "<group>"; };
		48EA940C1769359A00A91B5C /* ZMClientProcessor.h */ = {isa = PBXFileReference; fileEncoding = 4; lastKnownFileType = sourcecode.c.h; path = ZMClientProcessor.h; sourceTree = "<group>"; };
		48EA940D1769359A00A91B5C /* ZMClientProcessor.m */ = {isa = PBXFileReference; fileEncoding = 4; lastKnownFileType = sourcecode.c.objc; path = ZMClientProcessor.m; sourceTree = "<group>"; };
		48EA940F17693AD700A91B5C /* ZMTableViewViewController.h */ = {isa = PBXFileReference; fileEncoding = 4; lastKnownFileType = sourcecode.c.h; path = ZMTableViewViewController.h; sourceTree = "<group>"; };
		48EA941017693AD700A91B5C /* ZMTableViewViewController.m */ = {isa = PBXFileReference; fileEncoding = 4; lastKnownFileType = sourcecode.c.objc; path = ZMTableViewViewController.m; sourceTree = "<group>"; };
		48EA941217693EE700A91B5C /* ZMBreakdownsTableViewCell.h */ = {isa = PBXFileReference; fileEncoding = 4; lastKnownFileType = sourcecode.c.h; path = ZMBreakdownsTableViewCell.h; sourceTree = "<group>"; };
		48EA941317693EE700A91B5C /* ZMBreakdownsTableViewCell.m */ = {isa = PBXFileReference; fileEncoding = 4; lastKnownFileType = sourcecode.c.objc; path = ZMBreakdownsTableViewCell.m; sourceTree = "<group>"; };
		48EA94181769524400A91B5C /* ZMBDownsDetailedTableViewController.h */ = {isa = PBXFileReference; fileEncoding = 4; lastKnownFileType = sourcecode.c.h; path = ZMBDownsDetailedTableViewController.h; sourceTree = "<group>"; };
		48EA94191769524400A91B5C /* ZMBDownsDetailedTableViewController.m */ = {isa = PBXFileReference; fileEncoding = 4; lastKnownFileType = sourcecode.c.objc; path = ZMBDownsDetailedTableViewController.m; sourceTree = "<group>"; };
		48EA941B1769551300A91B5C /* ZMBDownsDetailedTableViewCell.h */ = {isa = PBXFileReference; fileEncoding = 4; lastKnownFileType = sourcecode.c.h; path = ZMBDownsDetailedTableViewCell.h; sourceTree = "<group>"; };
		48EA941C1769551300A91B5C /* ZMBDownsDetailedTableViewCell.m */ = {isa = PBXFileReference; fileEncoding = 4; lastKnownFileType = sourcecode.c.objc; path = ZMBDownsDetailedTableViewCell.m; sourceTree = "<group>"; };
		48FAA924177CF2DF001F8A3F /* ZMGeocoder.h */ = {isa = PBXFileReference; fileEncoding = 4; lastKnownFileType = sourcecode.c.h; path = ZMGeocoder.h; sourceTree = "<group>"; };
		48FAA925177CF2DF001F8A3F /* ZMGeocoder.m */ = {isa = PBXFileReference; fileEncoding = 4; lastKnownFileType = sourcecode.c.objc; path = ZMGeocoder.m; sourceTree = "<group>"; };
		48FAA927177E8D39001F8A3F /* ZMPointAnnotation.h */ = {isa = PBXFileReference; fileEncoding = 4; lastKnownFileType = sourcecode.c.h; path = ZMPointAnnotation.h; sourceTree = "<group>"; };
		48FAA928177E8D39001F8A3F /* ZMPointAnnotation.m */ = {isa = PBXFileReference; fileEncoding = 4; lastKnownFileType = sourcecode.c.objc; path = ZMPointAnnotation.m; sourceTree = "<group>"; };
		48FAA939177E9B42001F8A3F /* ZMSettingsViewController.h */ = {isa = PBXFileReference; fileEncoding = 4; lastKnownFileType = sourcecode.c.h; path = ZMSettingsViewController.h; sourceTree = "<group>"; };
		48FAA93A177E9B42001F8A3F /* ZMSettingsViewController.m */ = {isa = PBXFileReference; fileEncoding = 4; lastKnownFileType = sourcecode.c.objc; path = ZMSettingsViewController.m; sourceTree = "<group>"; };
		48FAA93C177FD421001F8A3F /* ZMPueblosViewController.h */ = {isa = PBXFileReference; fileEncoding = 4; lastKnownFileType = sourcecode.c.h; path = ZMPueblosViewController.h; sourceTree = "<group>"; };
		48FAA93D177FD421001F8A3F /* ZMPueblosViewController.m */ = {isa = PBXFileReference; fileEncoding = 4; lastKnownFileType = sourcecode.c.objc; path = ZMPueblosViewController.m; sourceTree = "<group>"; };
		48FAA93F177FD88E001F8A3F /* ZMBarriosViewController.h */ = {isa = PBXFileReference; fileEncoding = 4; lastKnownFileType = sourcecode.c.h; path = ZMBarriosViewController.h; sourceTree = "<group>"; };
		48FAA940177FD88E001F8A3F /* ZMBarriosViewController.m */ = {isa = PBXFileReference; fileEncoding = 4; lastKnownFileType = sourcecode.c.objc; path = ZMBarriosViewController.m; sourceTree = "<group>"; };
		48FAA942177FE8D8001F8A3F /* ZMLocationViewController.h */ = {isa = PBXFileReference; fileEncoding = 4; lastKnownFileType = sourcecode.c.h; path = ZMLocationViewController.h; sourceTree = "<group>"; };
		48FAA943177FE8D9001F8A3F /* ZMLocationViewController.m */ = {isa = PBXFileReference; fileEncoding = 4; lastKnownFileType = sourcecode.c.objc; path = ZMLocationViewController.m; sourceTree = "<group>"; };
		48FAA94517809E71001F8A3F /* User.h */ = {isa = PBXFileReference; fileEncoding = 4; lastKnownFileType = sourcecode.c.h; path = User.h; sourceTree = "<group>"; };
		48FAA94617809E71001F8A3F /* User.m */ = {isa = PBXFileReference; fileEncoding = 4; lastKnownFileType = sourcecode.c.objc; path = User.m; sourceTree = "<group>"; };
		48FAA94817826BCB001F8A3F /* ZMNewUserViewController.h */ = {isa = PBXFileReference; fileEncoding = 4; lastKnownFileType = sourcecode.c.h; path = ZMNewUserViewController.h; sourceTree = "<group>"; };
		48FAA94917826BCC001F8A3F /* ZMNewUserViewController.m */ = {isa = PBXFileReference; fileEncoding = 4; lastKnownFileType = sourcecode.c.objc; path = ZMNewUserViewController.m; sourceTree = "<group>"; };
		48FAA94A17826BCD001F8A3F /* ZMNewUserViewController.xib */ = {isa = PBXFileReference; fileEncoding = 4; lastKnownFileType = file.xib; path = ZMNewUserViewController.xib; sourceTree = "<group>"; };
		48FAA94D178273DD001F8A3F /* PAWActivityView.h */ = {isa = PBXFileReference; fileEncoding = 4; lastKnownFileType = sourcecode.c.h; path = PAWActivityView.h; sourceTree = "<group>"; };
		48FAA94E178273DE001F8A3F /* PAWActivityView.m */ = {isa = PBXFileReference; fileEncoding = 4; lastKnownFileType = sourcecode.c.objc; path = PAWActivityView.m; sourceTree = "<group>"; };
/* End PBXFileReference section */

/* Begin PBXFrameworksBuildPhase section */
		48EA93B01767EC5C00A91B5C /* Frameworks */ = {
			isa = PBXFrameworksBuildPhase;
			buildActionMask = 2147483647;
			files = (
				488107DF177A5B4F00B9C839 /* MapKit.framework in Frameworks */,
				488107CE1777649000B9C839 /* CoreData.framework in Frameworks */,
				48CFCA68176EACC700BE1FE7 /* SystemConfiguration.framework in Frameworks */,
				48CFCA66176EACC200BE1FE7 /* StoreKit.framework in Frameworks */,
				48CFCA64176EACBA00BE1FE7 /* Security.framework in Frameworks */,
				48CFCA62176EACB400BE1FE7 /* MobileCoreServices.framework in Frameworks */,
				48CFCA60176EACAC00BE1FE7 /* libz.1.1.3.dylib in Frameworks */,
				48CFCA5E176EAC9F00BE1FE7 /* CoreGraphics.framework in Frameworks */,
				48CFCA5D176EAC9700BE1FE7 /* CFNetwork.framework in Frameworks */,
				48CFCA5B176EAC9100BE1FE7 /* AudioToolbox.framework in Frameworks */,
				48CFCA59176EAC5A00BE1FE7 /* CoreLocation.framework in Frameworks */,
				48CFCA55176EA04400BE1FE7 /* QuartzCore.framework in Frameworks */,
				48EA93F51767EF1A00A91B5C /* libxml2.2.dylib in Frameworks */,
				48EA93B71767EC5C00A91B5C /* UIKit.framework in Frameworks */,
				48EA93B91767EC5C00A91B5C /* Foundation.framework in Frameworks */,
				48CFCA57176EAB4B00BE1FE7 /* Parse.framework in Frameworks */,
			);
			runOnlyForDeploymentPostprocessing = 0;
		};
		48EA93D81767EC5C00A91B5C /* Frameworks */ = {
			isa = PBXFrameworksBuildPhase;
			buildActionMask = 2147483647;
			files = (
				48EA93DE1767EC5C00A91B5C /* SenTestingKit.framework in Frameworks */,
				48EA93DF1767EC5C00A91B5C /* UIKit.framework in Frameworks */,
				48EA93E01767EC5C00A91B5C /* Foundation.framework in Frameworks */,
			);
			runOnlyForDeploymentPostprocessing = 0;
		};
/* End PBXFrameworksBuildPhase section */

/* Begin PBXGroup section */
		481A914A176FFCB1007B6732 /* Login */ = {
			isa = PBXGroup;
			children = (
				481A9144176FF9B9007B6732 /* ZMUserConfigViewController.h */,
				481A9145176FF9B9007B6732 /* ZMUserConfigViewController.m */,
				481A9146176FF9B9007B6732 /* ZMUserConfigViewController.xib */,
				481A914B176FFCC2007B6732 /* MyLogInViewController.h */,
				481A914C176FFCC2007B6732 /* MyLogInViewController.m */,
				481A914D176FFCC2007B6732 /* MySignUpViewController.h */,
				481A914E176FFCC2007B6732 /* MySignUpViewController.m */,
				486FE899185E897E00E7DF63 /* ZMParseHelper.h */,
				486FE89A185E897E00E7DF63 /* ZMParseHelper.m */,
			);
			name = Login;
			sourceTree = "<group>";
		};
		481A9166176FFE8B007B6732 /* Assets */ = {
			isa = PBXGroup;
			children = (
				481A916B17700AA9007B6732 /* barrios.json */,
				481A916917700853007B6732 /* Login.png */,
				481A9152176FFE74007B6732 /* Exit.png */,
				481A9153176FFE74007B6732 /* ExitDown.png */,
				481A9156176FFE74007B6732 /* LoginFieldBG.png */,
				481A9158176FFE75007B6732 /* MainBG.png */,
				481A9159176FFE75007B6732 /* SignUp.png */,
				481A915A176FFE75007B6732 /* SignUpDown.png */,
				481A915B176FFE75007B6732 /* SignUpFieldBG.png */,
			);
			name = Assets;
			sourceTree = "<group>";
		};
		482FDCAF185E6C4E00A033DD /* APIs */ = {
			isa = PBXGroup;
			children = (
				486FE895185E7A8C00E7DF63 /* MHTextField */,
				482FDCB0185E6C5800A033DD /* MBProgressHUD */,
			);
			name = APIs;
			sourceTree = "<group>";
		};
		482FDCB0185E6C5800A033DD /* MBProgressHUD */ = {
			isa = PBXGroup;
			children = (
				482FDCB1185E6C6400A033DD /* MBProgressHUD.h */,
				482FDCB2185E6C6400A033DD /* MBProgressHUD.m */,
			);
			name = MBProgressHUD;
			sourceTree = "<group>";
		};
		486FE895185E7A8C00E7DF63 /* MHTextField */ = {
			isa = PBXGroup;
			children = (
				486FE896185E7AA200E7DF63 /* MHTextField.h */,
				486FE897185E7AA200E7DF63 /* MHTextField.m */,
			);
			name = MHTextField;
			sourceTree = "<group>";
		};
		488107CC177762BC00B9C839 /* DataModel */ = {
			isa = PBXGroup;
			children = (
			);
			name = DataModel;
			sourceTree = "<group>";
		};
		488107CF177764AD00B9C839 /* DataModel */ = {
			isa = PBXGroup;
			children = (
				488107BF177680BB00B9C839 /* Model.xcdatamodeld */,
				48FAA94517809E71001F8A3F /* User.h */,
				48FAA94617809E71001F8A3F /* User.m */,
				488107C81777629200B9C839 /* Pueblo.h */,
				488107C91777629200B9C839 /* Pueblo.m */,
				488107C51777627600B9C839 /* Coordinates.h */,
				488107C61777627600B9C839 /* Coordinates.m */,
				488107C21777624F00B9C839 /* Barrios.h */,
				488107C31777624F00B9C839 /* Barrios.m */,
				488107D01777E8C300B9C839 /* ZMEntityManager.h */,
				488107D11777E8C300B9C839 /* ZMEntityManager.m */,
			);
			name = DataModel;
			sourceTree = "<group>";
		};
		488107E0177A719E00B9C839 /* Source */ = {
			isa = PBXGroup;
			children = (
				488107E1177A73BF00B9C839 /* UIViewController+KNSemiModal.h */,
				488107E2177A73BF00B9C839 /* UIViewController+KNSemiModal.m */,
			);
			name = Source;
			sourceTree = "<group>";
		};
		48EA93AA1767EC5C00A91B5C = {
			isa = PBXGroup;
			children = (
				48EA93BC1767EC5C00A91B5C /* AEE */,
				48EA93E31767EC5C00A91B5C /* AEETests */,
				48EA93B51767EC5C00A91B5C /* Frameworks */,
				48EA93B41767EC5C00A91B5C /* Products */,
			);
			sourceTree = "<group>";
			wrapsLines = 0;
		};
		48EA93B41767EC5C00A91B5C /* Products */ = {
			isa = PBXGroup;
			children = (
				48EA93B31767EC5C00A91B5C /* AEE.app */,
				48EA93DC1767EC5C00A91B5C /* AEETests.octest */,
			);
			name = Products;
			sourceTree = "<group>";
		};
		48EA93B51767EC5C00A91B5C /* Frameworks */ = {
			isa = PBXGroup;
			children = (
				488107DE177A5B4E00B9C839 /* MapKit.framework */,
				488107CD1777649000B9C839 /* CoreData.framework */,
				48CFCA67176EACC700BE1FE7 /* SystemConfiguration.framework */,
				48CFCA65176EACC200BE1FE7 /* StoreKit.framework */,
				48CFCA63176EACBA00BE1FE7 /* Security.framework */,
				48CFCA61176EACB400BE1FE7 /* MobileCoreServices.framework */,
				48CFCA5F176EACAC00BE1FE7 /* libz.1.1.3.dylib */,
				48CFCA5C176EAC9700BE1FE7 /* CFNetwork.framework */,
				48CFCA5A176EAC9100BE1FE7 /* AudioToolbox.framework */,
				48CFCA58176EAC5A00BE1FE7 /* CoreLocation.framework */,
				48CFCA54176EA04400BE1FE7 /* QuartzCore.framework */,
				48EA93F41767EF1A00A91B5C /* libxml2.2.dylib */,
				48CFCA56176EAB4B00BE1FE7 /* Parse.framework */,
				48EA93B61767EC5C00A91B5C /* UIKit.framework */,
				48EA93B81767EC5C00A91B5C /* Foundation.framework */,
				48EA93BA1767EC5C00A91B5C /* CoreGraphics.framework */,
				48EA93DD1767EC5C00A91B5C /* SenTestingKit.framework */,
			);
			name = Frameworks;
			sourceTree = "<group>";
		};
		48EA93BC1767EC5C00A91B5C /* AEE */ = {
			isa = PBXGroup;
			children = (
				482FDCAF185E6C4E00A033DD /* APIs */,
				482E7BFC178BAB4B006E4D81 /* AEE.entitlements */,
				48FAA94D178273DD001F8A3F /* PAWActivityView.h */,
				48FAA94E178273DE001F8A3F /* PAWActivityView.m */,
				488107E0177A719E00B9C839 /* Source */,
				488107CF177764AD00B9C839 /* DataModel */,
				481A9166176FFE8B007B6732 /* Assets */,
				481A914A176FFCB1007B6732 /* Login */,
				48CFCA69176EB20400BE1FE7 /* DefaultSettingsViewController.h */,
				48CFCA6A176EB20400BE1FE7 /* DefaultSettingsViewController.m */,
				48EA93F61767EF3C00A91B5C /* wsdl */,
				48EA93C51767EC5C00A91B5C /* ZMAppDelegate.h */,
				48EA93C61767EC5C00A91B5C /* ZMAppDelegate.m */,
				48EA93CE1767EC5C00A91B5C /* MainStoryboard_iPhone.storyboard */,
				48EA93D11767EC5C00A91B5C /* MainStoryboard_iPad.storyboard */,
				48EA93D41767EC5C00A91B5C /* ZMViewController.h */,
				48EA93D51767EC5C00A91B5C /* ZMViewController.m */,
				48EA93BD1767EC5C00A91B5C /* Supporting Files */,
				48EA940C1769359A00A91B5C /* ZMClientProcessor.h */,
				48EA940D1769359A00A91B5C /* ZMClientProcessor.m */,
				48EA940F17693AD700A91B5C /* ZMTableViewViewController.h */,
				48EA941017693AD700A91B5C /* ZMTableViewViewController.m */,
				48EA941217693EE700A91B5C /* ZMBreakdownsTableViewCell.h */,
				48EA941317693EE700A91B5C /* ZMBreakdownsTableViewCell.m */,
				48EA94181769524400A91B5C /* ZMBDownsDetailedTableViewController.h */,
				48EA94191769524400A91B5C /* ZMBDownsDetailedTableViewController.m */,
				48EA941B1769551300A91B5C /* ZMBDownsDetailedTableViewCell.h */,
				48EA941C1769551300A91B5C /* ZMBDownsDetailedTableViewCell.m */,
				48CFCA51176E9FAA00BE1FE7 /* ZMGradientView.h */,
				48CFCA52176E9FAA00BE1FE7 /* ZMGradientView.m */,
				4817D79117700B290056FE9A /* ZMConfigDataParser.h */,
				4817D79217700B290056FE9A /* ZMConfigDataParser.m */,
				4817D7941772A4A60056FE9A /* ZMPueblo.h */,
				4817D7951772A4A60056FE9A /* ZMPueblo.m */,
				48BC73471775481F00D0D6E3 /* ZMBarrio.h */,
				48BC73481775481F00D0D6E3 /* ZMBarrio.m */,
				488107CC177762BC00B9C839 /* DataModel */,
				488107D31779374400B9C839 /* ZMCoordinate.h */,
				488107D41779374500B9C839 /* ZMCoordinate.m */,
				488107D6177952A600B9C839 /* ZMMapViewController.h */,
				488107D7177952A700B9C839 /* ZMMapViewController.m */,
				488107D8177952A700B9C839 /* ZMMapViewController.xib */,
				48FAA925177CF2DF001F8A3F /* ZMGeocoder.m */,
				48FAA924177CF2DF001F8A3F /* ZMGeocoder.h */,
				48FAA927177E8D39001F8A3F /* ZMPointAnnotation.h */,
				48FAA928177E8D39001F8A3F /* ZMPointAnnotation.m */,
				48FAA939177E9B42001F8A3F /* ZMSettingsViewController.h */,
				48FAA93A177E9B42001F8A3F /* ZMSettingsViewController.m */,
				48FAA93C177FD421001F8A3F /* ZMPueblosViewController.h */,
				48FAA93D177FD421001F8A3F /* ZMPueblosViewController.m */,
				48FAA93F177FD88E001F8A3F /* ZMBarriosViewController.h */,
				48FAA940177FD88E001F8A3F /* ZMBarriosViewController.m */,
				48FAA942177FE8D8001F8A3F /* ZMLocationViewController.h */,
				48FAA943177FE8D9001F8A3F /* ZMLocationViewController.m */,
				48FAA94817826BCB001F8A3F /* ZMNewUserViewController.h */,
				48FAA94917826BCC001F8A3F /* ZMNewUserViewController.m */,
				48FAA94A17826BCD001F8A3F /* ZMNewUserViewController.xib */,
				482FDCAD185E6B2200A033DD /* Images.xcassets */,
			);
			path = AEE;
			sourceTree = "<group>";
		};
		48EA93BD1767EC5C00A91B5C /* Supporting Files */ = {
			isa = PBXGroup;
			children = (
				48EA93BE1767EC5C00A91B5C /* AEE-Info.plist */,
				48EA93BF1767EC5C00A91B5C /* InfoPlist.strings */,
				48EA93C21767EC5C00A91B5C /* main.m */,
				48EA93C41767EC5C00A91B5C /* AEE-Prefix.pch */,
				48EA93C81767EC5C00A91B5C /* Default.png */,
				48EA93CA1767EC5C00A91B5C /* Default@2x.png */,
				48EA93CC1767EC5C00A91B5C /* Default-568h@2x.png */,
			);
			name = "Supporting Files";
			sourceTree = "<group>";
		};
		48EA93E31767EC5C00A91B5C /* AEETests */ = {
			isa = PBXGroup;
			children = (
				48EA93E91767EC5C00A91B5C /* AEETests.h */,
				48EA93EA1767EC5C00A91B5C /* AEETests.m */,
				48EA93E41767EC5C00A91B5C /* Supporting Files */,
			);
			path = AEETests;
			sourceTree = "<group>";
		};
		48EA93E41767EC5C00A91B5C /* Supporting Files */ = {
			isa = PBXGroup;
			children = (
				48EA93E51767EC5C00A91B5C /* AEETests-Info.plist */,
				48EA93E61767EC5C00A91B5C /* InfoPlist.strings */,
			);
			name = "Supporting Files";
			sourceTree = "<group>";
		};
		48EA93F61767EF3C00A91B5C /* wsdl */ = {
			isa = PBXGroup;
			children = (
				48EA93F71767EF3C00A91B5C /* ax22.h */,
				48EA93F81767EF3C00A91B5C /* ax22.m */,
				48EA93F91767EF3C00A91B5C /* BreakdownReportSvc.h */,
				48EA93FA1767EF3C00A91B5C /* BreakdownReportSvc.m */,
				48EA93FB1767EF3C00A91B5C /* NSDate+ISO8601Parsing.h */,
				48EA93FC1767EF3C00A91B5C /* NSDate+ISO8601Parsing.m */,
				48EA93FD1767EF3C00A91B5C /* NSDate+ISO8601Unparsing.h */,
				48EA93FE1767EF3C00A91B5C /* NSDate+ISO8601Unparsing.m */,
				48EA93FF1767EF3C00A91B5C /* USAdditions.h */,
				48EA94001767EF3C00A91B5C /* USAdditions.m */,
				48EA94011767EF3C00A91B5C /* USGlobals.h */,
				48EA94021767EF3C00A91B5C /* USGlobals.m */,
				48EA94031767EF3C00A91B5C /* xsd.h */,
				48EA94041767EF3C00A91B5C /* xsd.m */,
			);
			path = wsdl;
			sourceTree = "<group>";
		};
/* End PBXGroup section */

/* Begin PBXNativeTarget section */
		48EA93B21767EC5C00A91B5C /* AEE */ = {
			isa = PBXNativeTarget;
			buildConfigurationList = 48EA93EE1767EC5C00A91B5C /* Build configuration list for PBXNativeTarget "AEE" */;
			buildPhases = (
				48EA93AF1767EC5C00A91B5C /* Sources */,
				48EA93B01767EC5C00A91B5C /* Frameworks */,
				48EA93B11767EC5C00A91B5C /* Resources */,
			);
			buildRules = (
			);
			dependencies = (
			);
			name = AEE;
			productName = AEE;
			productReference = 48EA93B31767EC5C00A91B5C /* AEE.app */;
			productType = "com.apple.product-type.application";
		};
		48EA93DB1767EC5C00A91B5C /* AEETests */ = {
			isa = PBXNativeTarget;
			buildConfigurationList = 48EA93F11767EC5C00A91B5C /* Build configuration list for PBXNativeTarget "AEETests" */;
			buildPhases = (
				48EA93D71767EC5C00A91B5C /* Sources */,
				48EA93D81767EC5C00A91B5C /* Frameworks */,
				48EA93D91767EC5C00A91B5C /* Resources */,
				48EA93DA1767EC5C00A91B5C /* ShellScript */,
			);
			buildRules = (
			);
			dependencies = (
				48EA93E21767EC5C00A91B5C /* PBXTargetDependency */,
			);
			name = AEETests;
			productName = AEETests;
			productReference = 48EA93DC1767EC5C00A91B5C /* AEETests.octest */;
			productType = "com.apple.product-type.bundle";
		};
/* End PBXNativeTarget section */

/* Begin PBXProject section */
		48EA93AB1767EC5C00A91B5C /* Project object */ = {
			isa = PBXProject;
			attributes = {
				CLASSPREFIX = ZM;
				LastUpgradeCheck = 0460;
				ORGANIZATIONNAME = "Milton D. Mitjans";
			};
			buildConfigurationList = 48EA93AE1767EC5C00A91B5C /* Build configuration list for PBXProject "AEE" */;
			compatibilityVersion = "Xcode 3.2";
			developmentRegion = English;
			hasScannedForEncodings = 0;
			knownRegions = (
				en,
			);
			mainGroup = 48EA93AA1767EC5C00A91B5C;
			productRefGroup = 48EA93B41767EC5C00A91B5C /* Products */;
			projectDirPath = "";
			projectRoot = "";
			targets = (
				48EA93B21767EC5C00A91B5C /* AEE */,
				48EA93DB1767EC5C00A91B5C /* AEETests */,
			);
		};
/* End PBXProject section */

/* Begin PBXResourcesBuildPhase section */
		48EA93B11767EC5C00A91B5C /* Resources */ = {
			isa = PBXResourcesBuildPhase;
			buildActionMask = 2147483647;
			files = (
				48EA93C11767EC5C00A91B5C /* InfoPlist.strings in Resources */,
				48EA93C91767EC5C00A91B5C /* Default.png in Resources */,
				48EA93CB1767EC5C00A91B5C /* Default@2x.png in Resources */,
				48EA93CD1767EC5C00A91B5C /* Default-568h@2x.png in Resources */,
				48EA93D01767EC5C00A91B5C /* MainStoryboard_iPhone.storyboard in Resources */,
				48EA93D31767EC5C00A91B5C /* MainStoryboard_iPad.storyboard in Resources */,
				481A9148176FF9B9007B6732 /* ZMUserConfigViewController.xib in Resources */,
				481A915C176FFE75007B6732 /* Exit.png in Resources */,
				481A915D176FFE75007B6732 /* ExitDown.png in Resources */,
				481A9160176FFE75007B6732 /* LoginFieldBG.png in Resources */,
				481A9162176FFE75007B6732 /* MainBG.png in Resources */,
				481A9163176FFE75007B6732 /* SignUp.png in Resources */,
				481A9164176FFE75007B6732 /* SignUpDown.png in Resources */,
				481A9165176FFE75007B6732 /* SignUpFieldBG.png in Resources */,
				481A916A17700853007B6732 /* Login.png in Resources */,
				482FDCAE185E6B2200A033DD /* Images.xcassets in Resources */,
				481A916C17700AA9007B6732 /* barrios.json in Resources */,
				488107DA177952A700B9C839 /* ZMMapViewController.xib in Resources */,
				48FAA94C17826BCE001F8A3F /* ZMNewUserViewController.xib in Resources */,
			);
			runOnlyForDeploymentPostprocessing = 0;
		};
		48EA93D91767EC5C00A91B5C /* Resources */ = {
			isa = PBXResourcesBuildPhase;
			buildActionMask = 2147483647;
			files = (
				48EA93E81767EC5C00A91B5C /* InfoPlist.strings in Resources */,
			);
			runOnlyForDeploymentPostprocessing = 0;
		};
/* End PBXResourcesBuildPhase section */

/* Begin PBXShellScriptBuildPhase section */
		48EA93DA1767EC5C00A91B5C /* ShellScript */ = {
			isa = PBXShellScriptBuildPhase;
			buildActionMask = 2147483647;
			files = (
			);
			inputPaths = (
			);
			outputPaths = (
			);
			runOnlyForDeploymentPostprocessing = 0;
			shellPath = /bin/sh;
			shellScript = "# Run the unit tests in this test bundle.\n\"${SYSTEM_DEVELOPER_DIR}/Tools/RunUnitTests\"\n";
		};
/* End PBXShellScriptBuildPhase section */

/* Begin PBXSourcesBuildPhase section */
		48EA93AF1767EC5C00A91B5C /* Sources */ = {
			isa = PBXSourcesBuildPhase;
			buildActionMask = 2147483647;
			files = (
				488107E4177A78B500B9C839 /* UIViewController+KNSemiModal.h in Sources */,
				488107E5177A78B500B9C839 /* UIViewController+KNSemiModal.m in Sources */,
				48EA93C31767EC5C00A91B5C /* main.m in Sources */,
				48EA93C71767EC5C00A91B5C /* ZMAppDelegate.m in Sources */,
				48EA93D61767EC5C00A91B5C /* ZMViewController.m in Sources */,
				48EA94051767EF3C00A91B5C /* ax22.m in Sources */,
				48EA94061767EF3C00A91B5C /* BreakdownReportSvc.m in Sources */,
				48EA94071767EF3C00A91B5C /* NSDate+ISO8601Parsing.m in Sources */,
				48EA94081767EF3C00A91B5C /* NSDate+ISO8601Unparsing.m in Sources */,
				48EA94091767EF3C00A91B5C /* USAdditions.m in Sources */,
				48EA940A1767EF3C00A91B5C /* USGlobals.m in Sources */,
				48EA940B1767EF3C00A91B5C /* xsd.m in Sources */,
				48EA940E1769359A00A91B5C /* ZMClientProcessor.m in Sources */,
				482FDCB3185E6C6400A033DD /* MBProgressHUD.m in Sources */,
				48EA941117693AD700A91B5C /* ZMTableViewViewController.m in Sources */,
				48EA941417693EE700A91B5C /* ZMBreakdownsTableViewCell.m in Sources */,
				48EA941A1769524400A91B5C /* ZMBDownsDetailedTableViewController.m in Sources */,
				48EA941D1769551300A91B5C /* ZMBDownsDetailedTableViewCell.m in Sources */,
				48CFCA53176E9FAA00BE1FE7 /* ZMGradientView.m in Sources */,
				48CFCA6B176EB20400BE1FE7 /* DefaultSettingsViewController.m in Sources */,
				481A9147176FF9B9007B6732 /* ZMUserConfigViewController.m in Sources */,
				481A914F176FFCC2007B6732 /* MyLogInViewController.m in Sources */,
				481A9150176FFCC2007B6732 /* MySignUpViewController.m in Sources */,
				4817D79317700B290056FE9A /* ZMConfigDataParser.m in Sources */,
				4817D7961772A4A60056FE9A /* ZMPueblo.m in Sources */,
				48BC73491775481F00D0D6E3 /* ZMBarrio.m in Sources */,
				488107C1177680BB00B9C839 /* Model.xcdatamodeld in Sources */,
				486FE898185E7AA200E7DF63 /* MHTextField.m in Sources */,
				486FE89B185E897E00E7DF63 /* ZMParseHelper.m in Sources */,
				488107C41777624F00B9C839 /* Barrios.m in Sources */,
				488107C71777627600B9C839 /* Coordinates.m in Sources */,
				488107CA1777629200B9C839 /* Pueblo.m in Sources */,
				488107D21777E8C300B9C839 /* ZMEntityManager.m in Sources */,
				488107D51779374500B9C839 /* ZMCoordinate.m in Sources */,
				488107D9177952A700B9C839 /* ZMMapViewController.m in Sources */,
				48FAA926177CF2DF001F8A3F /* ZMGeocoder.m in Sources */,
				48FAA929177E8D3A001F8A3F /* ZMPointAnnotation.m in Sources */,
				48FAA93B177E9B42001F8A3F /* ZMSettingsViewController.m in Sources */,
				48FAA93E177FD421001F8A3F /* ZMPueblosViewController.m in Sources */,
				48FAA941177FD88E001F8A3F /* ZMBarriosViewController.m in Sources */,
				48FAA944177FE8D9001F8A3F /* ZMLocationViewController.m in Sources */,
				48FAA94717809E71001F8A3F /* User.m in Sources */,
				48FAA94B17826BCE001F8A3F /* ZMNewUserViewController.m in Sources */,
				48FAA94F178273DF001F8A3F /* PAWActivityView.m in Sources */,
			);
			runOnlyForDeploymentPostprocessing = 0;
		};
		48EA93D71767EC5C00A91B5C /* Sources */ = {
			isa = PBXSourcesBuildPhase;
			buildActionMask = 2147483647;
			files = (
				486FE89C185E897E00E7DF63 /* ZMParseHelper.m in Sources */,
				48EA93EB1767EC5C00A91B5C /* AEETests.m in Sources */,
				488107E3177A73BF00B9C839 /* UIViewController+KNSemiModal.m in Sources */,
				48FAA950178273DF001F8A3F /* PAWActivityView.m in Sources */,
			);
			runOnlyForDeploymentPostprocessing = 0;
		};
/* End PBXSourcesBuildPhase section */

/* Begin PBXTargetDependency section */
		48EA93E21767EC5C00A91B5C /* PBXTargetDependency */ = {
			isa = PBXTargetDependency;
			target = 48EA93B21767EC5C00A91B5C /* AEE */;
			targetProxy = 48EA93E11767EC5C00A91B5C /* PBXContainerItemProxy */;
		};
/* End PBXTargetDependency section */

/* Begin PBXVariantGroup section */
		48EA93BF1767EC5C00A91B5C /* InfoPlist.strings */ = {
			isa = PBXVariantGroup;
			children = (
				48EA93C01767EC5C00A91B5C /* en */,
			);
			name = InfoPlist.strings;
			sourceTree = "<group>";
		};
		48EA93CE1767EC5C00A91B5C /* MainStoryboard_iPhone.storyboard */ = {
			isa = PBXVariantGroup;
			children = (
				48EA93CF1767EC5C00A91B5C /* en */,
			);
			name = MainStoryboard_iPhone.storyboard;
			sourceTree = "<group>";
		};
		48EA93D11767EC5C00A91B5C /* MainStoryboard_iPad.storyboard */ = {
			isa = PBXVariantGroup;
			children = (
				48EA93D21767EC5C00A91B5C /* en */,
			);
			name = MainStoryboard_iPad.storyboard;
			sourceTree = "<group>";
		};
		48EA93E61767EC5C00A91B5C /* InfoPlist.strings */ = {
			isa = PBXVariantGroup;
			children = (
				48EA93E71767EC5C00A91B5C /* en */,
			);
			name = InfoPlist.strings;
			sourceTree = "<group>";
		};
/* End PBXVariantGroup section */

/* Begin XCBuildConfiguration section */
		48EA93EC1767EC5C00A91B5C /* Debug */ = {
			isa = XCBuildConfiguration;
			buildSettings = {
				ALWAYS_SEARCH_USER_PATHS = NO;
				CLANG_CXX_LANGUAGE_STANDARD = "gnu++0x";
				CLANG_CXX_LIBRARY = "libc++";
				CLANG_ENABLE_OBJC_ARC = YES;
				CLANG_WARN_CONSTANT_CONVERSION = YES;
				CLANG_WARN_EMPTY_BODY = YES;
				CLANG_WARN_ENUM_CONVERSION = YES;
				CLANG_WARN_INT_CONVERSION = YES;
				CLANG_WARN__DUPLICATE_METHOD_MATCH = YES;
				"CODE_SIGN_IDENTITY[sdk=iphoneos*]" = "iPhone Developer";
				COPY_PHASE_STRIP = NO;
				GCC_C_LANGUAGE_STANDARD = gnu99;
				GCC_DYNAMIC_NO_PIC = NO;
				GCC_OPTIMIZATION_LEVEL = 0;
				GCC_PREPROCESSOR_DEFINITIONS = (
					"DEBUG=1",
					"$(inherited)",
				);
				GCC_SYMBOLS_PRIVATE_EXTERN = NO;
				GCC_WARN_ABOUT_RETURN_TYPE = YES;
				GCC_WARN_UNINITIALIZED_AUTOS = YES;
				GCC_WARN_UNUSED_VARIABLE = YES;
				HEADER_SEARCH_PATHS = (
					"$(inherited)",
					/Applications/Xcode.app/Contents/Developer/Toolchains/XcodeDefault.xctoolchain/usr/include,
					"${SDK_DIR}\"/usr/include/libxml2",
				);
				IPHONEOS_DEPLOYMENT_TARGET = 6.1;
				ONLY_ACTIVE_ARCH = YES;
				SDKROOT = iphoneos;
				TARGETED_DEVICE_FAMILY = "1,2";
			};
			name = Debug;
		};
		48EA93ED1767EC5C00A91B5C /* Release */ = {
			isa = XCBuildConfiguration;
			buildSettings = {
				ALWAYS_SEARCH_USER_PATHS = NO;
				CLANG_CXX_LANGUAGE_STANDARD = "gnu++0x";
				CLANG_CXX_LIBRARY = "libc++";
				CLANG_ENABLE_OBJC_ARC = YES;
				CLANG_WARN_CONSTANT_CONVERSION = YES;
				CLANG_WARN_EMPTY_BODY = YES;
				CLANG_WARN_ENUM_CONVERSION = YES;
				CLANG_WARN_INT_CONVERSION = YES;
				CLANG_WARN__DUPLICATE_METHOD_MATCH = YES;
				"CODE_SIGN_IDENTITY[sdk=iphoneos*]" = "iPhone Developer";
				COPY_PHASE_STRIP = YES;
				GCC_C_LANGUAGE_STANDARD = gnu99;
				GCC_WARN_ABOUT_RETURN_TYPE = YES;
				GCC_WARN_UNINITIALIZED_AUTOS = YES;
				GCC_WARN_UNUSED_VARIABLE = YES;
				HEADER_SEARCH_PATHS = (
					"$(inherited)",
					/Applications/Xcode.app/Contents/Developer/Toolchains/XcodeDefault.xctoolchain/usr/include,
					"${SDK_DIR}\"/usr/include/libxml2",
				);
				IPHONEOS_DEPLOYMENT_TARGET = 6.1;
				OTHER_CFLAGS = "-DNS_BLOCK_ASSERTIONS=1";
				SDKROOT = iphoneos;
				TARGETED_DEVICE_FAMILY = "1,2";
				VALIDATE_PRODUCT = YES;
			};
			name = Release;
		};
		48EA93EF1767EC5C00A91B5C /* Debug */ = {
			isa = XCBuildConfiguration;
			buildSettings = {
				ASSETCATALOG_COMPILER_APPICON_NAME = AppIcon;
				ASSETCATALOG_COMPILER_LAUNCHIMAGE_NAME = LaunchImage;
				CODE_SIGN_ENTITLEMENTS = AEE/AEE.entitlements;
				CODE_SIGN_IDENTITY = "iPhone Developer: Milton Mitjans (ANLCN4ZK6G)";
				"CODE_SIGN_IDENTITY[sdk=iphoneos*]" = "iPhone Developer: Milton Mitjans (ANLCN4ZK6G)";
				FRAMEWORK_SEARCH_PATHS = (
					"$(inherited)",
					"\"$(SRCROOT)\"",
				);
				GCC_PRECOMPILE_PREFIX_HEADER = YES;
				GCC_PREFIX_HEADER = "AEE/AEE-Prefix.pch";
				INFOPLIST_FILE = "AEE/AEE-Info.plist";
				OTHER_CFLAGS = "-I/usr/include/libxml2";
				OTHER_LDFLAGS = "-lxml2";
				PRODUCT_NAME = "$(TARGET_NAME)";
				PROVISIONING_PROFILE = "D80297F8-44A0-4C67-A98D-496B7B23FD9A";
				"PROVISIONING_PROFILE[sdk=iphoneos*]" = "D80297F8-44A0-4C67-A98D-496B7B23FD9A";
				WRAPPER_EXTENSION = app;
			};
			name = Debug;
		};
		48EA93F01767EC5C00A91B5C /* Release */ = {
			isa = XCBuildConfiguration;
			buildSettings = {
				ASSETCATALOG_COMPILER_APPICON_NAME = AppIcon;
				ASSETCATALOG_COMPILER_LAUNCHIMAGE_NAME = LaunchImage;
				CODE_SIGN_ENTITLEMENTS = AEE/AEE.entitlements;
				CODE_SIGN_IDENTITY = "iPhone Developer: Milton Mitjans (ANLCN4ZK6G)";
				"CODE_SIGN_IDENTITY[sdk=iphoneos*]" = "iPhone Developer: Milton Mitjans (ANLCN4ZK6G)";
				FRAMEWORK_SEARCH_PATHS = (
					"$(inherited)",
					"\"$(SRCROOT)\"",
				);
				GCC_PRECOMPILE_PREFIX_HEADER = YES;
				GCC_PREFIX_HEADER = "AEE/AEE-Prefix.pch";
				INFOPLIST_FILE = "AEE/AEE-Info.plist";
				OTHER_CFLAGS = "-I/usr/include/libxml2";
				OTHER_LDFLAGS = "-lxml2";
				PRODUCT_NAME = "$(TARGET_NAME)";
				PROVISIONING_PROFILE = "D80297F8-44A0-4C67-A98D-496B7B23FD9A";
				"PROVISIONING_PROFILE[sdk=iphoneos*]" = "D80297F8-44A0-4C67-A98D-496B7B23FD9A";
				WRAPPER_EXTENSION = app;
			};
			name = Release;
		};
		48EA93F21767EC5C00A91B5C /* Debug */ = {
			isa = XCBuildConfiguration;
			buildSettings = {
				BUNDLE_LOADER = "$(BUILT_PRODUCTS_DIR)/AEE.app/AEE";
				FRAMEWORK_SEARCH_PATHS = (
					"\"$(SDKROOT)/Developer/Library/Frameworks\"",
					"\"$(DEVELOPER_LIBRARY_DIR)/Frameworks\"",
				);
				GCC_PRECOMPILE_PREFIX_HEADER = YES;
				GCC_PREFIX_HEADER = "AEE/AEE-Prefix.pch";
				INFOPLIST_FILE = "AEETests/AEETests-Info.plist";
				PRODUCT_NAME = "$(TARGET_NAME)";
				TEST_HOST = "$(BUNDLE_LOADER)";
				WRAPPER_EXTENSION = octest;
			};
			name = Debug;
		};
		48EA93F31767EC5C00A91B5C /* Release */ = {
			isa = XCBuildConfiguration;
			buildSettings = {
				BUNDLE_LOADER = "$(BUILT_PRODUCTS_DIR)/AEE.app/AEE";
				FRAMEWORK_SEARCH_PATHS = (
					"\"$(SDKROOT)/Developer/Library/Frameworks\"",
					"\"$(DEVELOPER_LIBRARY_DIR)/Frameworks\"",
				);
				GCC_PRECOMPILE_PREFIX_HEADER = YES;
				GCC_PREFIX_HEADER = "AEE/AEE-Prefix.pch";
				INFOPLIST_FILE = "AEETests/AEETests-Info.plist";
				PRODUCT_NAME = "$(TARGET_NAME)";
				TEST_HOST = "$(BUNDLE_LOADER)";
				WRAPPER_EXTENSION = octest;
			};
			name = Release;
		};
/* End XCBuildConfiguration section */

/* Begin XCConfigurationList section */
		48EA93AE1767EC5C00A91B5C /* Build configuration list for PBXProject "AEE" */ = {
			isa = XCConfigurationList;
			buildConfigurations = (
				48EA93EC1767EC5C00A91B5C /* Debug */,
				48EA93ED1767EC5C00A91B5C /* Release */,
			);
			defaultConfigurationIsVisible = 0;
			defaultConfigurationName = Release;
		};
		48EA93EE1767EC5C00A91B5C /* Build configuration list for PBXNativeTarget "AEE" */ = {
			isa = XCConfigurationList;
			buildConfigurations = (
				48EA93EF1767EC5C00A91B5C /* Debug */,
				48EA93F01767EC5C00A91B5C /* Release */,
			);
			defaultConfigurationIsVisible = 0;
			defaultConfigurationName = Release;
		};
		48EA93F11767EC5C00A91B5C /* Build configuration list for PBXNativeTarget "AEETests" */ = {
			isa = XCConfigurationList;
			buildConfigurations = (
				48EA93F21767EC5C00A91B5C /* Debug */,
				48EA93F31767EC5C00A91B5C /* Release */,
			);
			defaultConfigurationIsVisible = 0;
			defaultConfigurationName = Release;
		};
/* End XCConfigurationList section */

/* Begin XCVersionGroup section */
		488107BF177680BB00B9C839 /* Model.xcdatamodeld */ = {
			isa = XCVersionGroup;
			children = (
				488107C0177680BB00B9C839 /* Model.xcdatamodel */,
			);
			currentVersion = 488107C0177680BB00B9C839 /* Model.xcdatamodel */;
			path = Model.xcdatamodeld;
			sourceTree = "<group>";
			versionGroupType = wrapper.xcdatamodel;
		};
/* End XCVersionGroup section */
	};
	rootObject = 48EA93AB1767EC5C00A91B5C /* Project object */;
}
